schema: '2.0'
stages:
  make_dataset:
    cmd: python .\src\data\make_dataset.py .\data\raw\creditcard.csv
    deps:
    - path: .\data\raw\creditcard.csv
      hash: md5
      md5: e90efcb83d69faf99fcab8b0255024de
      size: 150828752
    - path: .\src\data\make_dataset.py
      hash: md5
      md5: e7025c0f431daf01da031d8e01653327
      size: 1279
    params:
      params.yaml:
        make_dataset.seed: 23
        make_dataset.test_split: 0.1
    outs:
    - path: .\data\processed\
      hash: md5
      md5: 1ca6cc5a55d1627a5aa2f9c0b0107490.dir
      size: 151102527
      nfiles: 2
  train_model:
    cmd: python .\src\models\train_model.py .\data\processed
    deps:
    - path: .\data\processed\
      hash: md5
      md5: 1ca6cc5a55d1627a5aa2f9c0b0107490.dir
      size: 151102527
      nfiles: 2
    - path: .\src\models\train_model.py
      hash: md5
      md5: aa3b1e7744a2321e8c72bf925afd9a71
      size: 1313
    params:
      params.yaml:
        train_model.max_depth: 7
        train_model.n_estimators: 50
        train_model.seed: 21
    outs:
    - path: .\models\
      hash: md5
      md5: 3fbceaf2dea0013ea58390484e37f3ca.dir
      size: 328857
      nfiles: 1
  visualize:
    cmd: python .\src\visualization\visualize.py .\models\model.joblib .\data\processed\
    deps:
    - path: .\data\processed\
      hash: md5
      md5: 1ca6cc5a55d1627a5aa2f9c0b0107490.dir
      size: 151102527
      nfiles: 2
    - path: .\models\model.joblib
      hash: md5
      md5: e9eb4c032284ddaa3a4e486a468140c0
      size: 328857
    - path: .\src\visualization\visualize.py
      hash: md5
      md5: e9d9a5c0877aea55b0d6d076651c9c86
      size: 3648
    outs:
    - path: dvclive
      hash: md5
      md5: dfdb8158d06e7479471246d3fcbcee4f.dir
      size: 20101249
      nfiles: 8
