schema: '2.0'
stages:
  make_dataset:
    cmd: python .\src\data\make_dataset.py .\data\raw\creditcard.csv
    deps:
    - path: .\data\raw\creditcard.csv
      hash: md5
      md5: e90efcb83d69faf99fcab8b0255024de
      size: 150828752
    - path: .\src\data\make_dataset.py
      hash: md5
      md5: e7025c0f431daf01da031d8e01653327
      size: 1279
    params:
      params.yaml:
        make_dataset.seed: 23
        make_dataset.test_split: 0.2
    outs:
    - path: .\data\processed\
      hash: md5
      md5: fcd0de5a444c032acf61ffbd68275b8b.dir
      size: 151102527
      nfiles: 2
